
Microsoft Visual Studio Solution File, Format Version 12.00
# Visual Studio Version 16
VisualStudioVersion = 16.0.30804.86
MinimumVisualStudioVersion = 10.0.40219.1
Project("{FAE04EC0-301F-11D3-BF4B-00C04F79EFBC}") = "WpfApp1", "WpfApp1\WpfApp1.csproj", "{9F71482C-3E09-415B-B850-BE0D43A994E4}"
EndProject
Global
	GlobalSection(SolutionConfigurationPlatforms) = preSolution
		Debug|Any CPU = Debug|Any CPU
		Release|Any CPU = Release|Any CPU
	EndGlobalSection
	GlobalSection(ProjectConfigurationPlatforms) = postSolution
		{9F71482C-3E09-415B-B850-BE0D43A994E4}.Debug|Any CPU.ActiveCfg = Debug|Any CPU
		{9F71482C-3E09-415B-B850-BE0D43A994E4}.Debug|Any CPU.Build.0 = Debug|Any CPU
		{9F71482C-3E09-415B-B850-BE0D43A994E4}.Release|Any CPU.ActiveCfg = Release|Any CPU
		{9F71482C-3E09-415B-B850-BE0D43A994E4}.Release|Any CPU.Build.0 = Release|Any CPU
	EndGlobalSection
	GlobalSection(SolutionProperties) = preSolution
		HideSolutionNode = FALSE
	EndGlobalSection
	GlobalSection(ExtensibilityGlobals) = postSolution
		SolutionGuid = {90092443-7BA2-4404-9636-7F78A3DC1391}
	EndGlobalSection
EndGlobal
